// !$*UTF8*$!
{
	archiveVersion = 1;
	classes = {
	};
	objectVersion = 56;
	objects = {

/* Begin PBXBuildFile section */
		76195CD02C45769900687F2D /* AppDelegate.swift in Sources */ = {isa = PBXBuildFile; fileRef = 76195CCF2C45769900687F2D /* AppDelegate.swift */; };
		76195CD22C45769900687F2D /* SceneDelegate.swift in Sources */ = {isa = PBXBuildFile; fileRef = 76195CD12C45769900687F2D /* SceneDelegate.swift */; };
		76195CD42C45769900687F2D /* RMTabBarController.swift in Sources */ = {isa = PBXBuildFile; fileRef = 76195CD32C45769900687F2D /* RMTabBarController.swift */; };
		76195CD92C45769C00687F2D /* Assets.xcassets in Resources */ = {isa = PBXBuildFile; fileRef = 76195CD82C45769C00687F2D /* Assets.xcassets */; };
		76195CDC2C45769C00687F2D /* LaunchScreen.storyboard in Resources */ = {isa = PBXBuildFile; fileRef = 76195CDA2C45769C00687F2D /* LaunchScreen.storyboard */; };
		76195CEB2C45787800687F2D /* RMLocation.swift in Sources */ = {isa = PBXBuildFile; fileRef = 76195CEA2C45787800687F2D /* RMLocation.swift */; };
		76195CED2C45788100687F2D /* RMCharacter.swift in Sources */ = {isa = PBXBuildFile; fileRef = 76195CEC2C45788100687F2D /* RMCharacter.swift */; };
		76195CEF2C45788C00687F2D /* RMEpisode.swift in Sources */ = {isa = PBXBuildFile; fileRef = 76195CEE2C45788C00687F2D /* RMEpisode.swift */; };
		76195CF22C4578ED00687F2D /* RMCharacterViewController.swift in Sources */ = {isa = PBXBuildFile; fileRef = 76195CF12C4578ED00687F2D /* RMCharacterViewController.swift */; };
		76195CF42C4578F700687F2D /* RMLocationViewController.swift in Sources */ = {isa = PBXBuildFile; fileRef = 76195CF32C4578F700687F2D /* RMLocationViewController.swift */; };
		76195CF62C45790000687F2D /* RMEpisodeViewController.swift in Sources */ = {isa = PBXBuildFile; fileRef = 76195CF52C45790000687F2D /* RMEpisodeViewController.swift */; };
		76195CF82C45790C00687F2D /* RMSettingsViewController.swift in Sources */ = {isa = PBXBuildFile; fileRef = 76195CF72C45790C00687F2D /* RMSettingsViewController.swift */; };
		76195CFA2C45FB1700687F2D /* RMService.swift in Sources */ = {isa = PBXBuildFile; fileRef = 76195CF92C45FB1700687F2D /* RMService.swift */; };
		76195CFC2C45FB2B00687F2D /* RMRequest.swift in Sources */ = {isa = PBXBuildFile; fileRef = 76195CFB2C45FB2B00687F2D /* RMRequest.swift */; };
		76195CFE2C45FBA400687F2D /* RMEndPoint.swift in Sources */ = {isa = PBXBuildFile; fileRef = 76195CFD2C45FBA400687F2D /* RMEndPoint.swift */; };
		76195D002C45FF8800687F2D /* RMOrigin.swift in Sources */ = {isa = PBXBuildFile; fileRef = 76195CFF2C45FF8800687F2D /* RMOrigin.swift */; };
		76195D022C45FFE400687F2D /* RMSingleLocation.swift in Sources */ = {isa = PBXBuildFile; fileRef = 76195D012C45FFE400687F2D /* RMSingleLocation.swift */; };
		76195D042C4600E200687F2D /* RMCharacterStatus.swift in Sources */ = {isa = PBXBuildFile; fileRef = 76195D032C4600E200687F2D /* RMCharacterStatus.swift */; };
		76195D062C46010400687F2D /* RMCharacterGender.swift in Sources */ = {isa = PBXBuildFile; fileRef = 76195D052C46010400687F2D /* RMCharacterGender.swift */; };
/* End PBXBuildFile section */

/* Begin PBXFileReference section */
		76195CCC2C45769900687F2D /* RickAndMorty.app */ = {isa = PBXFileReference; explicitFileType = wrapper.application; includeInIndex = 0; path = RickAndMorty.app; sourceTree = BUILT_PRODUCTS_DIR; };
		76195CCF2C45769900687F2D /* AppDelegate.swift */ = {isa = PBXFileReference; lastKnownFileType = sourcecode.swift; path = AppDelegate.swift; sourceTree = "<group>"; };
		76195CD12C45769900687F2D /* SceneDelegate.swift */ = {isa = PBXFileReference; lastKnownFileType = sourcecode.swift; path = SceneDelegate.swift; sourceTree = "<group>"; };
		76195CD32C45769900687F2D /* RMTabBarController.swift */ = {isa = PBXFileReference; lastKnownFileType = sourcecode.swift; path = RMTabBarController.swift; sourceTree = "<group>"; };
		76195CD82C45769C00687F2D /* Assets.xcassets */ = {isa = PBXFileReference; lastKnownFileType = folder.assetcatalog; path = Assets.xcassets; sourceTree = "<group>"; };
		76195CDB2C45769C00687F2D /* Base */ = {isa = PBXFileReference; lastKnownFileType = file.storyboard; name = Base; path = Base.lproj/LaunchScreen.storyboard; sourceTree = "<group>"; };
		76195CDD2C45769C00687F2D /* Info.plist */ = {isa = PBXFileReference; lastKnownFileType = text.plist.xml; path = Info.plist; sourceTree = "<group>"; };
		76195CEA2C45787800687F2D /* RMLocation.swift */ = {isa = PBXFileReference; lastKnownFileType = sourcecode.swift; path = RMLocation.swift; sourceTree = "<group>"; };
		76195CEC2C45788100687F2D /* RMCharacter.swift */ = {isa = PBXFileReference; lastKnownFileType = sourcecode.swift; path = RMCharacter.swift; sourceTree = "<group>"; };
		76195CEE2C45788C00687F2D /* RMEpisode.swift */ = {isa = PBXFileReference; lastKnownFileType = sourcecode.swift; path = RMEpisode.swift; sourceTree = "<group>"; };
		76195CF12C4578ED00687F2D /* RMCharacterViewController.swift */ = {isa = PBXFileReference; lastKnownFileType = sourcecode.swift; path = RMCharacterViewController.swift; sourceTree = "<group>"; };
		76195CF32C4578F700687F2D /* RMLocationViewController.swift */ = {isa = PBXFileReference; lastKnownFileType = sourcecode.swift; path = RMLocationViewController.swift; sourceTree = "<group>"; };
		76195CF52C45790000687F2D /* RMEpisodeViewController.swift */ = {isa = PBXFileReference; lastKnownFileType = sourcecode.swift; path = RMEpisodeViewController.swift; sourceTree = "<group>"; };
		76195CF72C45790C00687F2D /* RMSettingsViewController.swift */ = {isa = PBXFileReference; lastKnownFileType = sourcecode.swift; path = RMSettingsViewController.swift; sourceTree = "<group>"; };
		76195CF92C45FB1700687F2D /* RMService.swift */ = {isa = PBXFileReference; lastKnownFileType = sourcecode.swift; path = RMService.swift; sourceTree = "<group>"; };
		76195CFB2C45FB2B00687F2D /* RMRequest.swift */ = {isa = PBXFileReference; lastKnownFileType = sourcecode.swift; path = RMRequest.swift; sourceTree = "<group>"; };
		76195CFD2C45FBA400687F2D /* RMEndPoint.swift */ = {isa = PBXFileReference; lastKnownFileType = sourcecode.swift; path = RMEndPoint.swift; sourceTree = "<group>"; };
		76195CFF2C45FF8800687F2D /* RMOrigin.swift */ = {isa = PBXFileReference; lastKnownFileType = sourcecode.swift; path = RMOrigin.swift; sourceTree = "<group>"; };
		76195D012C45FFE400687F2D /* RMSingleLocation.swift */ = {isa = PBXFileReference; lastKnownFileType = sourcecode.swift; path = RMSingleLocation.swift; sourceTree = "<group>"; };
		76195D032C4600E200687F2D /* RMCharacterStatus.swift */ = {isa = PBXFileReference; lastKnownFileType = sourcecode.swift; path = RMCharacterStatus.swift; sourceTree = "<group>"; };
		76195D052C46010400687F2D /* RMCharacterGender.swift */ = {isa = PBXFileReference; lastKnownFileType = sourcecode.swift; path = RMCharacterGender.swift; sourceTree = "<group>"; };
/* End PBXFileReference section */

/* Begin PBXFrameworksBuildPhase section */
		76195CC92C45769900687F2D /* Frameworks */ = {
			isa = PBXFrameworksBuildPhase;
			buildActionMask = 2147483647;
			files = (
			);
			runOnlyForDeploymentPostprocessing = 0;
		};
/* End PBXFrameworksBuildPhase section */

/* Begin PBXGroup section */
		76195CC32C45769900687F2D = {
			isa = PBXGroup;
			children = (
				76195CCE2C45769900687F2D /* RickAndMorty */,
				76195CCD2C45769900687F2D /* Products */,
			);
			sourceTree = "<group>";
		};
		76195CCD2C45769900687F2D /* Products */ = {
			isa = PBXGroup;
			children = (
				76195CCC2C45769900687F2D /* RickAndMorty.app */,
			);
			name = Products;
			sourceTree = "<group>";
		};
		76195CCE2C45769900687F2D /* RickAndMorty */ = {
			isa = PBXGroup;
			children = (
				76195CE92C45780900687F2D /* Resources */,
				76195CE82C45780100687F2D /* APIClient */,
				76195CE72C4577F500687F2D /* Managers */,
				76195CE62C4577E900687F2D /* ViewModels */,
				76195CE52C4577E200687F2D /* Views */,
				76195CE42C4577DC00687F2D /* Models */,
				76195CE32C4577CB00687F2D /* Controllers */,
				76195CDD2C45769C00687F2D /* Info.plist */,
			);
			path = RickAndMorty;
			sourceTree = "<group>";
		};
		76195CE32C4577CB00687F2D /* Controllers */ = {
			isa = PBXGroup;
			children = (
				76195CF02C4578CB00687F2D /* Core */,
			);
			path = Controllers;
			sourceTree = "<group>";
		};
		76195CE42C4577DC00687F2D /* Models */ = {
			isa = PBXGroup;
			children = (
				76195CEA2C45787800687F2D /* RMLocation.swift */,
				76195CEC2C45788100687F2D /* RMCharacter.swift */,
				76195CEE2C45788C00687F2D /* RMEpisode.swift */,
				76195CFF2C45FF8800687F2D /* RMOrigin.swift */,
				76195D012C45FFE400687F2D /* RMSingleLocation.swift */,
				76195D032C4600E200687F2D /* RMCharacterStatus.swift */,
				76195D052C46010400687F2D /* RMCharacterGender.swift */,
			);
			path = Models;
			sourceTree = "<group>";
		};
		76195CE52C4577E200687F2D /* Views */ = {
			isa = PBXGroup;
			children = (
			);
			path = Views;
			sourceTree = "<group>";
		};
		76195CE62C4577E900687F2D /* ViewModels */ = {
			isa = PBXGroup;
			children = (
			);
			path = ViewModels;
			sourceTree = "<group>";
		};
		76195CE72C4577F500687F2D /* Managers */ = {
			isa = PBXGroup;
			children = (
			);
			path = Managers;
			sourceTree = "<group>";
		};
		76195CE82C45780100687F2D /* APIClient */ = {
			isa = PBXGroup;
			children = (
				76195CF92C45FB1700687F2D /* RMService.swift */,
				76195CFB2C45FB2B00687F2D /* RMRequest.swift */,
				76195CFD2C45FBA400687F2D /* RMEndPoint.swift */,
			);
			path = APIClient;
			sourceTree = "<group>";
		};
		76195CE92C45780900687F2D /* Resources */ = {
			isa = PBXGroup;
			children = (
				76195CCF2C45769900687F2D /* AppDelegate.swift */,
				76195CD12C45769900687F2D /* SceneDelegate.swift */,
				76195CD82C45769C00687F2D /* Assets.xcassets */,
				76195CDA2C45769C00687F2D /* LaunchScreen.storyboard */,
			);
			path = Resources;
			sourceTree = "<group>";
		};
		76195CF02C4578CB00687F2D /* Core */ = {
			isa = PBXGroup;
			children = (
				76195CD32C45769900687F2D /* RMTabBarController.swift */,
				76195CF12C4578ED00687F2D /* RMCharacterViewController.swift */,
				76195CF32C4578F700687F2D /* RMLocationViewController.swift */,
				76195CF52C45790000687F2D /* RMEpisodeViewController.swift */,
				76195CF72C45790C00687F2D /* RMSettingsViewController.swift */,
			);
			path = Core;
			sourceTree = "<group>";
		};
/* End PBXGroup section */

/* Begin PBXNativeTarget section */
		76195CCB2C45769900687F2D /* RickAndMorty */ = {
			isa = PBXNativeTarget;
			buildConfigurationList = 76195CE02C45769C00687F2D /* Build configuration list for PBXNativeTarget "RickAndMorty" */;
			buildPhases = (
				76195CC82C45769900687F2D /* Sources */,
				76195CC92C45769900687F2D /* Frameworks */,
				76195CCA2C45769900687F2D /* Resources */,
			);
			buildRules = (
			);
			dependencies = (
			);
			name = RickAndMorty;
			productName = RickAndMorty;
			productReference = 76195CCC2C45769900687F2D /* RickAndMorty.app */;
			productType = "com.apple.product-type.application";
		};
/* End PBXNativeTarget section */

/* Begin PBXProject section */
		76195CC42C45769900687F2D /* Project object */ = {
			isa = PBXProject;
			attributes = {
				BuildIndependentTargetsInParallel = 1;
				LastSwiftUpdateCheck = 1520;
				LastUpgradeCheck = 1520;
				TargetAttributes = {
					76195CCB2C45769900687F2D = {
						CreatedOnToolsVersion = 15.2;
					};
				};
			};
			buildConfigurationList = 76195CC72C45769900687F2D /* Build configuration list for PBXProject "RickAndMorty" */;
			compatibilityVersion = "Xcode 14.0";
			developmentRegion = en;
			hasScannedForEncodings = 0;
			knownRegions = (
				en,
				Base,
			);
			mainGroup = 76195CC32C45769900687F2D;
			productRefGroup = 76195CCD2C45769900687F2D /* Products */;
			projectDirPath = "";
			projectRoot = "";
			targets = (
				76195CCB2C45769900687F2D /* RickAndMorty */,
			);
		};
/* End PBXProject section */

/* Begin PBXResourcesBuildPhase section */
		76195CCA2C45769900687F2D /* Resources */ = {
			isa = PBXResourcesBuildPhase;
			buildActionMask = 2147483647;
			files = (
				76195CDC2C45769C00687F2D /* LaunchScreen.storyboard in Resources */,
				76195CD92C45769C00687F2D /* Assets.xcassets in Resources */,
			);
			runOnlyForDeploymentPostprocessing = 0;
		};
/* End PBXResourcesBuildPhase section */

/* Begin PBXSourcesBuildPhase section */
		76195CC82C45769900687F2D /* Sources */ = {
			isa = PBXSourcesBuildPhase;
			buildActionMask = 2147483647;
			files = (
				76195D002C45FF8800687F2D /* RMOrigin.swift in Sources */,
				76195D022C45FFE400687F2D /* RMSingleLocation.swift in Sources */,
				76195D042C4600E200687F2D /* RMCharacterStatus.swift in Sources */,
				76195D062C46010400687F2D /* RMCharacterGender.swift in Sources */,
				76195CF42C4578F700687F2D /* RMLocationViewController.swift in Sources */,
				76195CEF2C45788C00687F2D /* RMEpisode.swift in Sources */,
				76195CD42C45769900687F2D /* RMTabBarController.swift in Sources */,
				76195CF62C45790000687F2D /* RMEpisodeViewController.swift in Sources */,
				76195CD02C45769900687F2D /* AppDelegate.swift in Sources */,
				76195CD22C45769900687F2D /* SceneDelegate.swift in Sources */,
				76195CF82C45790C00687F2D /* RMSettingsViewController.swift in Sources */,
				76195CFE2C45FBA400687F2D /* RMEndPoint.swift in Sources */,
				76195CFA2C45FB1700687F2D /* RMService.swift in Sources */,
				76195CEB2C45787800687F2D /* RMLocation.swift in Sources */,
				76195CED2C45788100687F2D /* RMCharacter.swift in Sources */,
				76195CFC2C45FB2B00687F2D /* RMRequest.swift in Sources */,
				76195CF22C4578ED00687F2D /* RMCharacterViewController.swift in Sources */,
			);
			runOnlyForDeploymentPostprocessing = 0;
		};
/* End PBXSourcesBuildPhase section */

/* Begin PBXVariantGroup section */
		76195CDA2C45769C00687F2D /* LaunchScreen.storyboard */ = {
			isa = PBXVariantGroup;
			children = (
				76195CDB2C45769C00687F2D /* Base */,
			);
			name = LaunchScreen.storyboard;
			sourceTree = "<group>";
		};
/* End PBXVariantGroup section */

/* Begin XCBuildConfiguration section */
		76195CDE2C45769C00687F2D /* Debug */ = {
			isa = XCBuildConfiguration;
			buildSettings = {
				ALWAYS_SEARCH_USER_PATHS = NO;
				ASSETCATALOG_COMPILER_GENERATE_SWIFT_ASSET_SYMBOL_EXTENSIONS = YES;
				CLANG_ANALYZER_NONNULL = YES;
				CLANG_ANALYZER_NUMBER_OBJECT_CONVERSION = YES_AGGRESSIVE;
				CLANG_CXX_LANGUAGE_STANDARD = "gnu++20";
				CLANG_ENABLE_MODULES = YES;
				CLANG_ENABLE_OBJC_ARC = YES;
				CLANG_ENABLE_OBJC_WEAK = YES;
				CLANG_WARN_BLOCK_CAPTURE_AUTORELEASING = YES;
				CLANG_WARN_BOOL_CONVERSION = YES;
				CLANG_WARN_COMMA = YES;
				CLANG_WARN_CONSTANT_CONVERSION = YES;
				CLANG_WARN_DEPRECATED_OBJC_IMPLEMENTATIONS = YES;
				CLANG_WARN_DIRECT_OBJC_ISA_USAGE = YES_ERROR;
				CLANG_WARN_DOCUMENTATION_COMMENTS = YES;
				CLANG_WARN_EMPTY_BODY = YES;
				CLANG_WARN_ENUM_CONVERSION = YES;
				CLANG_WARN_INFINITE_RECURSION = YES;
				CLANG_WARN_INT_CONVERSION = YES;
				CLANG_WARN_NON_LITERAL_NULL_CONVERSION = YES;
				CLANG_WARN_OBJC_IMPLICIT_RETAIN_SELF = YES;
				CLANG_WARN_OBJC_LITERAL_CONVERSION = YES;
				CLANG_WARN_OBJC_ROOT_CLASS = YES_ERROR;
				CLANG_WARN_QUOTED_INCLUDE_IN_FRAMEWORK_HEADER = YES;
				CLANG_WARN_RANGE_LOOP_ANALYSIS = YES;
				CLANG_WARN_STRICT_PROTOTYPES = YES;
				CLANG_WARN_SUSPICIOUS_MOVE = YES;
				CLANG_WARN_UNGUARDED_AVAILABILITY = YES_AGGRESSIVE;
				CLANG_WARN_UNREACHABLE_CODE = YES;
				CLANG_WARN__DUPLICATE_METHOD_MATCH = YES;
				COPY_PHASE_STRIP = NO;
				DEBUG_INFORMATION_FORMAT = dwarf;
				ENABLE_STRICT_OBJC_MSGSEND = YES;
				ENABLE_TESTABILITY = YES;
				ENABLE_USER_SCRIPT_SANDBOXING = YES;
				GCC_C_LANGUAGE_STANDARD = gnu17;
				GCC_DYNAMIC_NO_PIC = NO;
				GCC_NO_COMMON_BLOCKS = YES;
				GCC_OPTIMIZATION_LEVEL = 0;
				GCC_PREPROCESSOR_DEFINITIONS = (
					"DEBUG=1",
					"$(inherited)",
				);
				GCC_WARN_64_TO_32_BIT_CONVERSION = YES;
				GCC_WARN_ABOUT_RETURN_TYPE = YES_ERROR;
				GCC_WARN_UNDECLARED_SELECTOR = YES;
				GCC_WARN_UNINITIALIZED_AUTOS = YES_AGGRESSIVE;
				GCC_WARN_UNUSED_FUNCTION = YES;
				GCC_WARN_UNUSED_VARIABLE = YES;
				IPHONEOS_DEPLOYMENT_TARGET = 17.2;
				LOCALIZATION_PREFERS_STRING_CATALOGS = YES;
				MTL_ENABLE_DEBUG_INFO = INCLUDE_SOURCE;
				MTL_FAST_MATH = YES;
				ONLY_ACTIVE_ARCH = YES;
				SDKROOT = iphoneos;
				SWIFT_ACTIVE_COMPILATION_CONDITIONS = "DEBUG $(inherited)";
				SWIFT_OPTIMIZATION_LEVEL = "-Onone";
			};
			name = Debug;
		};
		76195CDF2C45769C00687F2D /* Release */ = {
			isa = XCBuildConfiguration;
			buildSettings = {
				ALWAYS_SEARCH_USER_PATHS = NO;
				ASSETCATALOG_COMPILER_GENERATE_SWIFT_ASSET_SYMBOL_EXTENSIONS = YES;
				CLANG_ANALYZER_NONNULL = YES;
				CLANG_ANALYZER_NUMBER_OBJECT_CONVERSION = YES_AGGRESSIVE;
				CLANG_CXX_LANGUAGE_STANDARD = "gnu++20";
				CLANG_ENABLE_MODULES = YES;
				CLANG_ENABLE_OBJC_ARC = YES;
				CLANG_ENABLE_OBJC_WEAK = YES;
				CLANG_WARN_BLOCK_CAPTURE_AUTORELEASING = YES;
				CLANG_WARN_BOOL_CONVERSION = YES;
				CLANG_WARN_COMMA = YES;
				CLANG_WARN_CONSTANT_CONVERSION = YES;
				CLANG_WARN_DEPRECATED_OBJC_IMPLEMENTATIONS = YES;
				CLANG_WARN_DIRECT_OBJC_ISA_USAGE = YES_ERROR;
				CLANG_WARN_DOCUMENTATION_COMMENTS = YES;
				CLANG_WARN_EMPTY_BODY = YES;
				CLANG_WARN_ENUM_CONVERSION = YES;
				CLANG_WARN_INFINITE_RECURSION = YES;
				CLANG_WARN_INT_CONVERSION = YES;
				CLANG_WARN_NON_LITERAL_NULL_CONVERSION = YES;
				CLANG_WARN_OBJC_IMPLICIT_RETAIN_SELF = YES;
				CLANG_WARN_OBJC_LITERAL_CONVERSION = YES;
				CLANG_WARN_OBJC_ROOT_CLASS = YES_ERROR;
				CLANG_WARN_QUOTED_INCLUDE_IN_FRAMEWORK_HEADER = YES;
				CLANG_WARN_RANGE_LOOP_ANALYSIS = YES;
				CLANG_WARN_STRICT_PROTOTYPES = YES;
				CLANG_WARN_SUSPICIOUS_MOVE = YES;
				CLANG_WARN_UNGUARDED_AVAILABILITY = YES_AGGRESSIVE;
				CLANG_WARN_UNREACHABLE_CODE = YES;
				CLANG_WARN__DUPLICATE_METHOD_MATCH = YES;
				COPY_PHASE_STRIP = NO;
				DEBUG_INFORMATION_FORMAT = "dwarf-with-dsym";
				ENABLE_NS_ASSERTIONS = NO;
				ENABLE_STRICT_OBJC_MSGSEND = YES;
				ENABLE_USER_SCRIPT_SANDBOXING = YES;
				GCC_C_LANGUAGE_STANDARD = gnu17;
				GCC_NO_COMMON_BLOCKS = YES;
				GCC_WARN_64_TO_32_BIT_CONVERSION = YES;
				GCC_WARN_ABOUT_RETURN_TYPE = YES_ERROR;
				GCC_WARN_UNDECLARED_SELECTOR = YES;
				GCC_WARN_UNINITIALIZED_AUTOS = YES_AGGRESSIVE;
				GCC_WARN_UNUSED_FUNCTION = YES;
				GCC_WARN_UNUSED_VARIABLE = YES;
				IPHONEOS_DEPLOYMENT_TARGET = 17.2;
				LOCALIZATION_PREFERS_STRING_CATALOGS = YES;
				MTL_ENABLE_DEBUG_INFO = NO;
				MTL_FAST_MATH = YES;
				SDKROOT = iphoneos;
				SWIFT_COMPILATION_MODE = wholemodule;
				VALIDATE_PRODUCT = YES;
			};
			name = Release;
		};
		76195CE12C45769C00687F2D /* Debug */ = {
			isa = XCBuildConfiguration;
			buildSettings = {
				ASSETCATALOG_COMPILER_APPICON_NAME = AppIcon;
				ASSETCATALOG_COMPILER_GLOBAL_ACCENT_COLOR_NAME = AccentColor;
				CODE_SIGN_STYLE = Automatic;
				CURRENT_PROJECT_VERSION = 1;
				DEVELOPMENT_TEAM = T7FAAY3JV4;
				GENERATE_INFOPLIST_FILE = YES;
				INFOPLIST_FILE = RickAndMorty/Info.plist;
				INFOPLIST_KEY_UIApplicationSupportsIndirectInputEvents = YES;
				INFOPLIST_KEY_UILaunchStoryboardName = LaunchScreen;
				INFOPLIST_KEY_UISupportedInterfaceOrientations_iPad = "UIInterfaceOrientationPortrait UIInterfaceOrientationPortraitUpsideDown UIInterfaceOrientationLandscapeLeft UIInterfaceOrientationLandscapeRight";
				INFOPLIST_KEY_UISupportedInterfaceOrientations_iPhone = "UIInterfaceOrientationPortrait UIInterfaceOrientationLandscapeLeft UIInterfaceOrientationLandscapeRight";
				LD_RUNPATH_SEARCH_PATHS = (
					"$(inherited)",
					"@executable_path/Frameworks",
				);
				MARKETING_VERSION = 1.0;
				PRODUCT_BUNDLE_IDENTIFIER = MatheusFranceschini.RickAndMorty;
				PRODUCT_NAME = "$(TARGET_NAME)";
				SWIFT_EMIT_LOC_STRINGS = YES;
				SWIFT_VERSION = 5.0;
				TARGETED_DEVICE_FAMILY = "1,2";
			};
			name = Debug;
		};
		76195CE22C45769C00687F2D /* Release */ = {
			isa = XCBuildConfiguration;
			buildSettings = {
				ASSETCATALOG_COMPILER_APPICON_NAME = AppIcon;
				ASSETCATALOG_COMPILER_GLOBAL_ACCENT_COLOR_NAME = AccentColor;
				CODE_SIGN_STYLE = Automatic;
				CURRENT_PROJECT_VERSION = 1;
				DEVELOPMENT_TEAM = T7FAAY3JV4;
				GENERATE_INFOPLIST_FILE = YES;
				INFOPLIST_FILE = RickAndMorty/Info.plist;
				INFOPLIST_KEY_UIApplicationSupportsIndirectInputEvents = YES;
				INFOPLIST_KEY_UILaunchStoryboardName = LaunchScreen;
				INFOPLIST_KEY_UISupportedInterfaceOrientations_iPad = "UIInterfaceOrientationPortrait UIInterfaceOrientationPortraitUpsideDown UIInterfaceOrientationLandscapeLeft UIInterfaceOrientationLandscapeRight";
				INFOPLIST_KEY_UISupportedInterfaceOrientations_iPhone = "UIInterfaceOrientationPortrait UIInterfaceOrientationLandscapeLeft UIInterfaceOrientationLandscapeRight";
				LD_RUNPATH_SEARCH_PATHS = (
					"$(inherited)",
					"@executable_path/Frameworks",
				);
				MARKETING_VERSION = 1.0;
				PRODUCT_BUNDLE_IDENTIFIER = MatheusFranceschini.RickAndMorty;
				PRODUCT_NAME = "$(TARGET_NAME)";
				SWIFT_EMIT_LOC_STRINGS = YES;
				SWIFT_VERSION = 5.0;
				TARGETED_DEVICE_FAMILY = "1,2";
			};
			name = Release;
		};
/* End XCBuildConfiguration section */

/* Begin XCConfigurationList section */
		76195CC72C45769900687F2D /* Build configuration list for PBXProject "RickAndMorty" */ = {
			isa = XCConfigurationList;
			buildConfigurations = (
				76195CDE2C45769C00687F2D /* Debug */,
				76195CDF2C45769C00687F2D /* Release */,
			);
			defaultConfigurationIsVisible = 0;
			defaultConfigurationName = Release;
		};
		76195CE02C45769C00687F2D /* Build configuration list for PBXNativeTarget "RickAndMorty" */ = {
			isa = XCConfigurationList;
			buildConfigurations = (
				76195CE12C45769C00687F2D /* Debug */,
				76195CE22C45769C00687F2D /* Release */,
			);
			defaultConfigurationIsVisible = 0;
			defaultConfigurationName = Release;
		};
/* End XCConfigurationList section */
	};
	rootObject = 76195CC42C45769900687F2D /* Project object */;
}
